
Microsoft Visual Studio Solution File, Format Version 12.00
# Visual Studio 15
VisualStudioVersion = 15.0.27428.2015
MinimumVisualStudioVersion = 10.0.40219.1
Project("{FAE04EC0-301F-11D3-BF4B-00C04F79EFBC}") = "Shop", "Shop\Shop.csproj", "{92A9C57C-4AE8-4F69-9FA1-724C84155649}"
EndProject
Project("{FAE04EC0-301F-11D3-BF4B-00C04F79EFBC}") = "Models", "Models\Models.csproj", "{A5C24C9B-65A9-414D-B890-29FB2F935CA4}"
EndProject
Global
	GlobalSection(SolutionConfigurationPlatforms) = preSolution
		Debug|Any CPU = Debug|Any CPU
		Release|Any CPU = Release|Any CPU
	EndGlobalSection
	GlobalSection(ProjectConfigurationPlatforms) = postSolution
		{92A9C57C-4AE8-4F69-9FA1-724C84155649}.Debug|Any CPU.ActiveCfg = Debug|Any CPU
		{92A9C57C-4AE8-4F69-9FA1-724C84155649}.Debug|Any CPU.Build.0 = Debug|Any CPU
		{92A9C57C-4AE8-4F69-9FA1-724C84155649}.Release|Any CPU.ActiveCfg = Release|Any CPU
		{92A9C57C-4AE8-4F69-9FA1-724C84155649}.Release|Any CPU.Build.0 = Release|Any CPU
		{A5C24C9B-65A9-414D-B890-29FB2F935CA4}.Debug|Any CPU.ActiveCfg = Debug|Any CPU
		{A5C24C9B-65A9-414D-B890-29FB2F935CA4}.Debug|Any CPU.Build.0 = Debug|Any CPU
		{A5C24C9B-65A9-414D-B890-29FB2F935CA4}.Release|Any CPU.ActiveCfg = Release|Any CPU
		{A5C24C9B-65A9-414D-B890-29FB2F935CA4}.Release|Any CPU.Build.0 = Release|Any CPU
	EndGlobalSection
	GlobalSection(SolutionProperties) = preSolution
		HideSolutionNode = FALSE
	EndGlobalSection
	GlobalSection(ExtensibilityGlobals) = postSolution
		SolutionGuid = {23003607-0960-4A0C-AF69-C30132D30511}
	EndGlobalSection
EndGlobal
